
Microsoft Visual Studio Solution File, Format Version 12.00
# Visual Studio 14
VisualStudioVersion = 14.0.25420.1
MinimumVisualStudioVersion = 10.0.40219.1
Project("{FAE04EC0-301F-11D3-BF4B-00C04F79EFBC}") = "data-service", "ws_service\data-service.csproj", "{D639D84E-1812-46A3-9379-F2643CD97071}"
EndProject
Project("{FAE04EC0-301F-11D3-BF4B-00C04F79EFBC}") = "client", "client\client.csproj", "{0B7D28A0-53EB-4BE8-A340-C203459246FB}"
EndProject
Global
	GlobalSection(SolutionConfigurationPlatforms) = preSolution
		Debug|Any CPU = Debug|Any CPU
		Release|Any CPU = Release|Any CPU
	EndGlobalSection
	GlobalSection(ProjectConfigurationPlatforms) = postSolution
		{D639D84E-1812-46A3-9379-F2643CD97071}.Debug|Any CPU.ActiveCfg = Debug|Any CPU
		{D639D84E-1812-46A3-9379-F2643CD97071}.Debug|Any CPU.Build.0 = Debug|Any CPU
		{D639D84E-1812-46A3-9379-F2643CD97071}.Release|Any CPU.ActiveCfg = Release|Any CPU
		{D639D84E-1812-46A3-9379-F2643CD97071}.Release|Any CPU.Build.0 = Release|Any CPU
		{0B7D28A0-53EB-4BE8-A340-C203459246FB}.Debug|Any CPU.ActiveCfg = Debug|Any CPU
		{0B7D28A0-53EB-4BE8-A340-C203459246FB}.Debug|Any CPU.Build.0 = Debug|Any CPU
		{0B7D28A0-53EB-4BE8-A340-C203459246FB}.Release|Any CPU.ActiveCfg = Release|Any CPU
		{0B7D28A0-53EB-4BE8-A340-C203459246FB}.Release|Any CPU.Build.0 = Release|Any CPU
	EndGlobalSection
	GlobalSection(SolutionProperties) = preSolution
		HideSolutionNode = FALSE
	EndGlobalSection
EndGlobal
